
Microsoft Visual Studio Solution File, Format Version 12.00
# Visual Studio Version 16
VisualStudioVersion = 16.0.31313.79
MinimumVisualStudioVersion = 10.0.40219.1
Project("{FAE04EC0-301F-11D3-BF4B-00C04F79EFBC}") = "HM4", "HM4\HM4.csproj", "{E6A39B84-7C64-4575-92EA-2555F7E8613E}"
EndProject
Global
	GlobalSection(SolutionConfigurationPlatforms) = preSolution
		Debug|Any CPU = Debug|Any CPU
		Release|Any CPU = Release|Any CPU
	EndGlobalSection
	GlobalSection(ProjectConfigurationPlatforms) = postSolution
		{E6A39B84-7C64-4575-92EA-2555F7E8613E}.Debug|Any CPU.ActiveCfg = Debug|Any CPU
		{E6A39B84-7C64-4575-92EA-2555F7E8613E}.Debug|Any CPU.Build.0 = Debug|Any CPU
		{E6A39B84-7C64-4575-92EA-2555F7E8613E}.Release|Any CPU.ActiveCfg = Release|Any CPU
		{E6A39B84-7C64-4575-92EA-2555F7E8613E}.Release|Any CPU.Build.0 = Release|Any CPU
	EndGlobalSection
	GlobalSection(SolutionProperties) = preSolution
		HideSolutionNode = FALSE
	EndGlobalSection
	GlobalSection(ExtensibilityGlobals) = postSolution
		SolutionGuid = {C6411C7C-A183-4FA0-B590-89F37BFBDC94}
	EndGlobalSection
EndGlobal
